// !$*UTF8*$!
{
	archiveVersion = 1;
	classes = {
	};
	objectVersion = 56;
	objects = {

/* Begin PBXBuildFile section */
		A697AF9C2BE8F41200DCCE32 /* tabView_NavigationApp.swift in Sources */ = {isa = PBXBuildFile; fileRef = A697AF9B2BE8F41200DCCE32 /* tabView_NavigationApp.swift */; };
		A697AF9E2BE8F41200DCCE32 /* ContentView.swift in Sources */ = {isa = PBXBuildFile; fileRef = A697AF9D2BE8F41200DCCE32 /* ContentView.swift */; };
		A697AFA02BE8F41400DCCE32 /* Assets.xcassets in Resources */ = {isa = PBXBuildFile; fileRef = A697AF9F2BE8F41400DCCE32 /* Assets.xcassets */; };
		A697AFA32BE8F41400DCCE32 /* Preview Assets.xcassets in Resources */ = {isa = PBXBuildFile; fileRef = A697AFA22BE8F41400DCCE32 /* Preview Assets.xcassets */; };
		A697AFB02BE8F97400DCCE32 /* RosaView.swift in Sources */ = {isa = PBXBuildFile; fileRef = A697AFAF2BE8F97400DCCE32 /* RosaView.swift */; };
		A697AFB42BE8FABE00DCCE32 /* AzulView.swift in Sources */ = {isa = PBXBuildFile; fileRef = A697AFB32BE8FABE00DCCE32 /* AzulView.swift */; };
		A697AFB62BE8FB1A00DCCE32 /* CinzaView.swift in Sources */ = {isa = PBXBuildFile; fileRef = A697AFB52BE8FB1A00DCCE32 /* CinzaView.swift */; };
		A697AFB82BE8FB9F00DCCE32 /* ListView.swift in Sources */ = {isa = PBXBuildFile; fileRef = A697AFB72BE8FB9F00DCCE32 /* ListView.swift */; };
/* End PBXBuildFile section */

/* Begin PBXFileReference section */
		A697AF982BE8F41200DCCE32 /* tabView&Navigation.app */ = {isa = PBXFileReference; explicitFileType = wrapper.application; includeInIndex = 0; path = "tabView&Navigation.app"; sourceTree = BUILT_PRODUCTS_DIR; };
		A697AF9B2BE8F41200DCCE32 /* tabView_NavigationApp.swift */ = {isa = PBXFileReference; lastKnownFileType = sourcecode.swift; path = tabView_NavigationApp.swift; sourceTree = "<group>"; };
		A697AF9D2BE8F41200DCCE32 /* ContentView.swift */ = {isa = PBXFileReference; lastKnownFileType = sourcecode.swift; path = ContentView.swift; sourceTree = "<group>"; };
		A697AF9F2BE8F41400DCCE32 /* Assets.xcassets */ = {isa = PBXFileReference; lastKnownFileType = folder.assetcatalog; path = Assets.xcassets; sourceTree = "<group>"; };
		A697AFA22BE8F41400DCCE32 /* Preview Assets.xcassets */ = {isa = PBXFileReference; lastKnownFileType = folder.assetcatalog; path = "Preview Assets.xcassets"; sourceTree = "<group>"; };
		A697AFAF2BE8F97400DCCE32 /* RosaView.swift */ = {isa = PBXFileReference; lastKnownFileType = sourcecode.swift; path = RosaView.swift; sourceTree = "<group>"; };
		A697AFB32BE8FABE00DCCE32 /* AzulView.swift */ = {isa = PBXFileReference; lastKnownFileType = sourcecode.swift; path = AzulView.swift; sourceTree = "<group>"; };
		A697AFB52BE8FB1A00DCCE32 /* CinzaView.swift */ = {isa = PBXFileReference; lastKnownFileType = sourcecode.swift; path = CinzaView.swift; sourceTree = "<group>"; };
		A697AFB72BE8FB9F00DCCE32 /* ListView.swift */ = {isa = PBXFileReference; lastKnownFileType = sourcecode.swift; path = ListView.swift; sourceTree = "<group>"; };
/* End PBXFileReference section */

/* Begin PBXFrameworksBuildPhase section */
		A697AF952BE8F41200DCCE32 /* Frameworks */ = {
			isa = PBXFrameworksBuildPhase;
			buildActionMask = 2147483647;
			files = (
			);
			runOnlyForDeploymentPostprocessing = 0;
		};
/* End PBXFrameworksBuildPhase section */

/* Begin PBXGroup section */
		A697AF8F2BE8F41200DCCE32 = {
			isa = PBXGroup;
			children = (
				A697AF9A2BE8F41200DCCE32 /* tabView&Navigation */,
				A697AF992BE8F41200DCCE32 /* Products */,
			);
			sourceTree = "<group>";
		};
		A697AF992BE8F41200DCCE32 /* Products */ = {
			isa = PBXGroup;
			children = (
				A697AF982BE8F41200DCCE32 /* tabView&Navigation.app */,
			);
			name = Products;
			sourceTree = "<group>";
		};
		A697AF9A2BE8F41200DCCE32 /* tabView&Navigation */ = {
			isa = PBXGroup;
			children = (
				A697AF9B2BE8F41200DCCE32 /* tabView_NavigationApp.swift */,
				A697AF9D2BE8F41200DCCE32 /* ContentView.swift */,
				A697AFB72BE8FB9F00DCCE32 /* ListView.swift */,
				A697AFB52BE8FB1A00DCCE32 /* CinzaView.swift */,
				A697AFB32BE8FABE00DCCE32 /* AzulView.swift */,
				A697AFAF2BE8F97400DCCE32 /* RosaView.swift */,
				A697AF9F2BE8F41400DCCE32 /* Assets.xcassets */,
				A697AFA12BE8F41400DCCE32 /* Preview Content */,
			);
			path = "tabView&Navigation";
			sourceTree = "<group>";
		};
		A697AFA12BE8F41400DCCE32 /* Preview Content */ = {
			isa = PBXGroup;
			children = (
				A697AFA22BE8F41400DCCE32 /* Preview Assets.xcassets */,
			);
			path = "Preview Content";
			sourceTree = "<group>";
		};
/* End PBXGroup section */

/* Begin PBXNativeTarget section */
		A697AF972BE8F41200DCCE32 /* tabView&Navigation */ = {
			isa = PBXNativeTarget;
			buildConfigurationList = A697AFA62BE8F41400DCCE32 /* Build configuration list for PBXNativeTarget "tabView&Navigation" */;
			buildPhases = (
				A697AF942BE8F41200DCCE32 /* Sources */,
				A697AF952BE8F41200DCCE32 /* Frameworks */,
				A697AF962BE8F41200DCCE32 /* Resources */,
			);
			buildRules = (
			);
			dependencies = (
			);
			name = "tabView&Navigation";
			productName = "tabView&Navigation";
			productReference = A697AF982BE8F41200DCCE32 /* tabView&Navigation.app */;
			productType = "com.apple.product-type.application";
		};
/* End PBXNativeTarget section */

/* Begin PBXProject section */
		A697AF902BE8F41200DCCE32 /* Project object */ = {
			isa = PBXProject;
			attributes = {
				BuildIndependentTargetsInParallel = 1;
				LastSwiftUpdateCheck = 1520;
				LastUpgradeCheck = 1520;
				TargetAttributes = {
					A697AF972BE8F41200DCCE32 = {
						CreatedOnToolsVersion = 15.2;
					};
				};
			};
			buildConfigurationList = A697AF932BE8F41200DCCE32 /* Build configuration list for PBXProject "tabView&Navigation" */;
			compatibilityVersion = "Xcode 14.0";
			developmentRegion = en;
			hasScannedForEncodings = 0;
			knownRegions = (
				en,
				Base,
			);
			mainGroup = A697AF8F2BE8F41200DCCE32;
			productRefGroup = A697AF992BE8F41200DCCE32 /* Products */;
			projectDirPath = "";
			projectRoot = "";
			targets = (
				A697AF972BE8F41200DCCE32 /* tabView&Navigation */,
			);
		};
/* End PBXProject section */

/* Begin PBXResourcesBuildPhase section */
		A697AF962BE8F41200DCCE32 /* Resources */ = {
			isa = PBXResourcesBuildPhase;
			buildActionMask = 2147483647;
			files = (
				A697AFA32BE8F41400DCCE32 /* Preview Assets.xcassets in Resources */,
				A697AFA02BE8F41400DCCE32 /* Assets.xcassets in Resources */,
			);
			runOnlyForDeploymentPostprocessing = 0;
		};
/* End PBXResourcesBuildPhase section */

/* Begin PBXSourcesBuildPhase section */
		A697AF942BE8F41200DCCE32 /* Sources */ = {
			isa = PBXSourcesBuildPhase;
			buildActionMask = 2147483647;
			files = (
				A697AFB42BE8FABE00DCCE32 /* AzulView.swift in Sources */,
				A697AFB62BE8FB1A00DCCE32 /* CinzaView.swift in Sources */,
				A697AFB82BE8FB9F00DCCE32 /* ListView.swift in Sources */,
				A697AF9E2BE8F41200DCCE32 /* ContentView.swift in Sources */,
				A697AFB02BE8F97400DCCE32 /* RosaView.swift in Sources */,
				A697AF9C2BE8F41200DCCE32 /* tabView_NavigationApp.swift in Sources */,
			);
			runOnlyForDeploymentPostprocessing = 0;
		};
/* End PBXSourcesBuildPhase section */

/* Begin XCBuildConfiguration section */
		A697AFA42BE8F41400DCCE32 /* Debug */ = {
			isa = XCBuildConfiguration;
			buildSettings = {
				ALWAYS_SEARCH_USER_PATHS = NO;
				ASSETCATALOG_COMPILER_GENERATE_SWIFT_ASSET_SYMBOL_EXTENSIONS = YES;
				CLANG_ANALYZER_NONNULL = YES;
				CLANG_ANALYZER_NUMBER_OBJECT_CONVERSION = YES_AGGRESSIVE;
				CLANG_CXX_LANGUAGE_STANDARD = "gnu++20";
				CLANG_ENABLE_MODULES = YES;
				CLANG_ENABLE_OBJC_ARC = YES;
				CLANG_ENABLE_OBJC_WEAK = YES;
				CLANG_WARN_BLOCK_CAPTURE_AUTORELEASING = YES;
				CLANG_WARN_BOOL_CONVERSION = YES;
				CLANG_WARN_COMMA = YES;
				CLANG_WARN_CONSTANT_CONVERSION = YES;
				CLANG_WARN_DEPRECATED_OBJC_IMPLEMENTATIONS = YES;
				CLANG_WARN_DIRECT_OBJC_ISA_USAGE = YES_ERROR;
				CLANG_WARN_DOCUMENTATION_COMMENTS = YES;
				CLANG_WARN_EMPTY_BODY = YES;
				CLANG_WARN_ENUM_CONVERSION = YES;
				CLANG_WARN_INFINITE_RECURSION = YES;
				CLANG_WARN_INT_CONVERSION = YES;
				CLANG_WARN_NON_LITERAL_NULL_CONVERSION = YES;
				CLANG_WARN_OBJC_IMPLICIT_RETAIN_SELF = YES;
				CLANG_WARN_OBJC_LITERAL_CONVERSION = YES;
				CLANG_WARN_OBJC_ROOT_CLASS = YES_ERROR;
				CLANG_WARN_QUOTED_INCLUDE_IN_FRAMEWORK_HEADER = YES;
				CLANG_WARN_RANGE_LOOP_ANALYSIS = YES;
				CLANG_WARN_STRICT_PROTOTYPES = YES;
				CLANG_WARN_SUSPICIOUS_MOVE = YES;
				CLANG_WARN_UNGUARDED_AVAILABILITY = YES_AGGRESSIVE;
				CLANG_WARN_UNREACHABLE_CODE = YES;
				CLANG_WARN__DUPLICATE_METHOD_MATCH = YES;
				COPY_PHASE_STRIP = NO;
				DEBUG_INFORMATION_FORMAT = dwarf;
				ENABLE_STRICT_OBJC_MSGSEND = YES;
				ENABLE_TESTABILITY = YES;
				ENABLE_USER_SCRIPT_SANDBOXING = YES;
				GCC_C_LANGUAGE_STANDARD = gnu17;
				GCC_DYNAMIC_NO_PIC = NO;
				GCC_NO_COMMON_BLOCKS = YES;
				GCC_OPTIMIZATION_LEVEL = 0;
				GCC_PREPROCESSOR_DEFINITIONS = (
					"DEBUG=1",
					"$(inherited)",
				);
				GCC_WARN_64_TO_32_BIT_CONVERSION = YES;
				GCC_WARN_ABOUT_RETURN_TYPE = YES_ERROR;
				GCC_WARN_UNDECLARED_SELECTOR = YES;
				GCC_WARN_UNINITIALIZED_AUTOS = YES_AGGRESSIVE;
				GCC_WARN_UNUSED_FUNCTION = YES;
				GCC_WARN_UNUSED_VARIABLE = YES;
				IPHONEOS_DEPLOYMENT_TARGET = 17.2;
				LOCALIZATION_PREFERS_STRING_CATALOGS = YES;
				MTL_ENABLE_DEBUG_INFO = INCLUDE_SOURCE;
				MTL_FAST_MATH = YES;
				ONLY_ACTIVE_ARCH = YES;
				SDKROOT = iphoneos;
				SWIFT_ACTIVE_COMPILATION_CONDITIONS = "DEBUG $(inherited)";
				SWIFT_OPTIMIZATION_LEVEL = "-Onone";
			};
			name = Debug;
		};
		A697AFA52BE8F41400DCCE32 /* Release */ = {
			isa = XCBuildConfiguration;
			buildSettings = {
				ALWAYS_SEARCH_USER_PATHS = NO;
				ASSETCATALOG_COMPILER_GENERATE_SWIFT_ASSET_SYMBOL_EXTENSIONS = YES;
				CLANG_ANALYZER_NONNULL = YES;
				CLANG_ANALYZER_NUMBER_OBJECT_CONVERSION = YES_AGGRESSIVE;
				CLANG_CXX_LANGUAGE_STANDARD = "gnu++20";
				CLANG_ENABLE_MODULES = YES;
				CLANG_ENABLE_OBJC_ARC = YES;
				CLANG_ENABLE_OBJC_WEAK = YES;
				CLANG_WARN_BLOCK_CAPTURE_AUTORELEASING = YES;
				CLANG_WARN_BOOL_CONVERSION = YES;
				CLANG_WARN_COMMA = YES;
				CLANG_WARN_CONSTANT_CONVERSION = YES;
				CLANG_WARN_DEPRECATED_OBJC_IMPLEMENTATIONS = YES;
				CLANG_WARN_DIRECT_OBJC_ISA_USAGE = YES_ERROR;
				CLANG_WARN_DOCUMENTATION_COMMENTS = YES;
				CLANG_WARN_EMPTY_BODY = YES;
				CLANG_WARN_ENUM_CONVERSION = YES;
				CLANG_WARN_INFINITE_RECURSION = YES;
				CLANG_WARN_INT_CONVERSION = YES;
				CLANG_WARN_NON_LITERAL_NULL_CONVERSION = YES;
				CLANG_WARN_OBJC_IMPLICIT_RETAIN_SELF = YES;
				CLANG_WARN_OBJC_LITERAL_CONVERSION = YES;
				CLANG_WARN_OBJC_ROOT_CLASS = YES_ERROR;
				CLANG_WARN_QUOTED_INCLUDE_IN_FRAMEWORK_HEADER = YES;
				CLANG_WARN_RANGE_LOOP_ANALYSIS = YES;
				CLANG_WARN_STRICT_PROTOTYPES = YES;
				CLANG_WARN_SUSPICIOUS_MOVE = YES;
				CLANG_WARN_UNGUARDED_AVAILABILITY = YES_AGGRESSIVE;
				CLANG_WARN_UNREACHABLE_CODE = YES;
				CLANG_WARN__DUPLICATE_METHOD_MATCH = YES;
				COPY_PHASE_STRIP = NO;
				DEBUG_INFORMATION_FORMAT = "dwarf-with-dsym";
				ENABLE_NS_ASSERTIONS = NO;
				ENABLE_STRICT_OBJC_MSGSEND = YES;
				ENABLE_USER_SCRIPT_SANDBOXING = YES;
				GCC_C_LANGUAGE_STANDARD = gnu17;
				GCC_NO_COMMON_BLOCKS = YES;
				GCC_WARN_64_TO_32_BIT_CONVERSION = YES;
				GCC_WARN_ABOUT_RETURN_TYPE = YES_ERROR;
				GCC_WARN_UNDECLARED_SELECTOR = YES;
				GCC_WARN_UNINITIALIZED_AUTOS = YES_AGGRESSIVE;
				GCC_WARN_UNUSED_FUNCTION = YES;
				GCC_WARN_UNUSED_VARIABLE = YES;
				IPHONEOS_DEPLOYMENT_TARGET = 17.2;
				LOCALIZATION_PREFERS_STRING_CATALOGS = YES;
				MTL_ENABLE_DEBUG_INFO = NO;
				MTL_FAST_MATH = YES;
				SDKROOT = iphoneos;
				SWIFT_COMPILATION_MODE = wholemodule;
				VALIDATE_PRODUCT = YES;
			};
			name = Release;
		};
		A697AFA72BE8F41400DCCE32 /* Debug */ = {
			isa = XCBuildConfiguration;
			buildSettings = {
				ASSETCATALOG_COMPILER_APPICON_NAME = AppIcon;
				ASSETCATALOG_COMPILER_GLOBAL_ACCENT_COLOR_NAME = AccentColor;
				CODE_SIGN_STYLE = Automatic;
				CURRENT_PROJECT_VERSION = 1;
				DEVELOPMENT_ASSET_PATHS = "\"tabView&Navigation/Preview Content\"";
				ENABLE_PREVIEWS = YES;
				GENERATE_INFOPLIST_FILE = YES;
				INFOPLIST_KEY_UIApplicationSceneManifest_Generation = YES;
				INFOPLIST_KEY_UIApplicationSupportsIndirectInputEvents = YES;
				INFOPLIST_KEY_UILaunchScreen_Generation = YES;
				INFOPLIST_KEY_UISupportedInterfaceOrientations_iPad = "UIInterfaceOrientationPortrait UIInterfaceOrientationPortraitUpsideDown UIInterfaceOrientationLandscapeLeft UIInterfaceOrientationLandscapeRight";
				INFOPLIST_KEY_UISupportedInterfaceOrientations_iPhone = "UIInterfaceOrientationPortrait UIInterfaceOrientationLandscapeLeft UIInterfaceOrientationLandscapeRight";
				LD_RUNPATH_SEARCH_PATHS = (
					"$(inherited)",
					"@executable_path/Frameworks",
				);
				MARKETING_VERSION = 1.0;
				PRODUCT_BUNDLE_IDENTIFIER = "matheusansolin.tabView-Navigation";
				PRODUCT_NAME = "$(TARGET_NAME)";
				SWIFT_EMIT_LOC_STRINGS = YES;
				SWIFT_VERSION = 5.0;
				TARGETED_DEVICE_FAMILY = "1,2";
			};
			name = Debug;
		};
		A697AFA82BE8F41400DCCE32 /* Release */ = {
			isa = XCBuildConfiguration;
			buildSettings = {
				ASSETCATALOG_COMPILER_APPICON_NAME = AppIcon;
				ASSETCATALOG_COMPILER_GLOBAL_ACCENT_COLOR_NAME = AccentColor;
				CODE_SIGN_STYLE = Automatic;
				CURRENT_PROJECT_VERSION = 1;
				DEVELOPMENT_ASSET_PATHS = "\"tabView&Navigation/Preview Content\"";
				ENABLE_PREVIEWS = YES;
				GENERATE_INFOPLIST_FILE = YES;
				INFOPLIST_KEY_UIApplicationSceneManifest_Generation = YES;
				INFOPLIST_KEY_UIApplicationSupportsIndirectInputEvents = YES;
				INFOPLIST_KEY_UILaunchScreen_Generation = YES;
				INFOPLIST_KEY_UISupportedInterfaceOrientations_iPad = "UIInterfaceOrientationPortrait UIInterfaceOrientationPortraitUpsideDown UIInterfaceOrientationLandscapeLeft UIInterfaceOrientationLandscapeRight";
				INFOPLIST_KEY_UISupportedInterfaceOrientations_iPhone = "UIInterfaceOrientationPortrait UIInterfaceOrientationLandscapeLeft UIInterfaceOrientationLandscapeRight";
				LD_RUNPATH_SEARCH_PATHS = (
					"$(inherited)",
					"@executable_path/Frameworks",
				);
				MARKETING_VERSION = 1.0;
				PRODUCT_BUNDLE_IDENTIFIER = "matheusansolin.tabView-Navigation";
				PRODUCT_NAME = "$(TARGET_NAME)";
				SWIFT_EMIT_LOC_STRINGS = YES;
				SWIFT_VERSION = 5.0;
				TARGETED_DEVICE_FAMILY = "1,2";
			};
			name = Release;
		};
/* End XCBuildConfiguration section */

/* Begin XCConfigurationList section */
		A697AF932BE8F41200DCCE32 /* Build configuration list for PBXProject "tabView&Navigation" */ = {
			isa = XCConfigurationList;
			buildConfigurations = (
				A697AFA42BE8F41400DCCE32 /* Debug */,
				A697AFA52BE8F41400DCCE32 /* Release */,
			);
			defaultConfigurationIsVisible = 0;
			defaultConfigurationName = Release;
		};
		A697AFA62BE8F41400DCCE32 /* Build configuration list for PBXNativeTarget "tabView&Navigation" */ = {
			isa = XCConfigurationList;
			buildConfigurations = (
				A697AFA72BE8F41400DCCE32 /* Debug */,
				A697AFA82BE8F41400DCCE32 /* Release */,
			);
			defaultConfigurationIsVisible = 0;
			defaultConfigurationName = Release;
		};
/* End XCConfigurationList section */
	};
	rootObject = A697AF902BE8F41200DCCE32 /* Project object */;
}
